// !$*UTF8*$!
{
	archiveVersion = 1;
	classes = {
	};
	objectVersion = 46;
	objects = {

/* Begin PBXBuildFile section */
		CD2C40D9181E6FD70071340B /* Foundation.framework in Frameworks */ = {isa = PBXBuildFile; fileRef = CD2C40D8181E6FD70071340B /* Foundation.framework */; };
		CD2C40DB181E6FD70071340B /* CoreGraphics.framework in Frameworks */ = {isa = PBXBuildFile; fileRef = CD2C40DA181E6FD70071340B /* CoreGraphics.framework */; };
		CD2C40DD181E6FD70071340B /* UIKit.framework in Frameworks */ = {isa = PBXBuildFile; fileRef = CD2C40DC181E6FD70071340B /* UIKit.framework */; };
		CD2C40E3181E6FD70071340B /* InfoPlist.strings in Resources */ = {isa = PBXBuildFile; fileRef = CD2C40E1181E6FD70071340B /* InfoPlist.strings */; };
		CD2C40E5181E6FD70071340B /* main.m in Sources */ = {isa = PBXBuildFile; fileRef = CD2C40E4181E6FD70071340B /* main.m */; };
		CD2C40E9181E6FD70071340B /* AppDelegate.m in Sources */ = {isa = PBXBuildFile; fileRef = CD2C40E8181E6FD70071340B /* AppDelegate.m */; };
		CD2C40EC181E6FD70071340B /* Main.storyboard in Resources */ = {isa = PBXBuildFile; fileRef = CD2C40EA181E6FD70071340B /* Main.storyboard */; };
		CD2C40EF181E6FD70071340B /* ViewController.m in Sources */ = {isa = PBXBuildFile; fileRef = CD2C40EE181E6FD70071340B /* ViewController.m */; };
		CD2C40F1181E6FD70071340B /* Images.xcassets in Resources */ = {isa = PBXBuildFile; fileRef = CD2C40F0181E6FD70071340B /* Images.xcassets */; };
		CD2C40F8181E6FD70071340B /* XCTest.framework in Frameworks */ = {isa = PBXBuildFile; fileRef = CD2C40F7181E6FD70071340B /* XCTest.framework */; };
		CD2C40F9181E6FD70071340B /* Foundation.framework in Frameworks */ = {isa = PBXBuildFile; fileRef = CD2C40D8181E6FD70071340B /* Foundation.framework */; };
		CD2C40FA181E6FD70071340B /* UIKit.framework in Frameworks */ = {isa = PBXBuildFile; fileRef = CD2C40DC181E6FD70071340B /* UIKit.framework */; };
		CD2C4102181E6FD70071340B /* InfoPlist.strings in Resources */ = {isa = PBXBuildFile; fileRef = CD2C4100181E6FD70071340B /* InfoPlist.strings */; };
		CD2C4104181E6FD70071340B /* PlayBallTests.m in Sources */ = {isa = PBXBuildFile; fileRef = CD2C4103181E6FD70071340B /* PlayBallTests.m */; };
		CD2C410E181F97610071340B /* QuartzCore.framework in Frameworks */ = {isa = PBXBuildFile; fileRef = CD2C410D181F97610071340B /* QuartzCore.framework */; };
		CD2C4111181F987E0071340B /* AudioUtility.m in Sources */ = {isa = PBXBuildFile; fileRef = CD2C4110181F987E0071340B /* AudioUtility.m */; };
		CD2C4113181F98B30071340B /* add.wav in Resources */ = {isa = PBXBuildFile; fileRef = CD2C4112181F98B30071340B /* add.wav */; };
		CD2C4116181F9E560071340B /* count.wav in Resources */ = {isa = PBXBuildFile; fileRef = CD2C4115181F9E560071340B /* count.wav */; };
/* End PBXBuildFile section */

/* Begin PBXContainerItemProxy section */
		CD2C40FB181E6FD70071340B /* PBXContainerItemProxy */ = {
			isa = PBXContainerItemProxy;
			containerPortal = CD2C40CD181E6FD70071340B /* Project object */;
			proxyType = 1;
			remoteGlobalIDString = CD2C40D4181E6FD70071340B;
			remoteInfo = PlayBall;
		};
/* End PBXContainerItemProxy section */

/* Begin PBXFileReference section */
		CD2C40D5181E6FD70071340B /* PlayBall.app */ = {isa = PBXFileReference; explicitFileType = wrapper.application; includeInIndex = 0; path = PlayBall.app; sourceTree = BUILT_PRODUCTS_DIR; };
		CD2C40D8181E6FD70071340B /* Foundation.framework */ = {isa = PBXFileReference; lastKnownFileType = wrapper.framework; name = Foundation.framework; path = System/Library/Frameworks/Foundation.framework; sourceTree = SDKROOT; };
		CD2C40DA181E6FD70071340B /* CoreGraphics.framework */ = {isa = PBXFileReference; lastKnownFileType = wrapper.framework; name = CoreGraphics.framework; path = System/Library/Frameworks/CoreGraphics.framework; sourceTree = SDKROOT; };
		CD2C40DC181E6FD70071340B /* UIKit.framework */ = {isa = PBXFileReference; lastKnownFileType = wrapper.framework; name = UIKit.framework; path = System/Library/Frameworks/UIKit.framework; sourceTree = SDKROOT; };
		CD2C40E0181E6FD70071340B /* PlayBall-Info.plist */ = {isa = PBXFileReference; lastKnownFileType = text.plist.xml; path = "PlayBall-Info.plist"; sourceTree = "<group>"; };
		CD2C40E2181E6FD70071340B /* en */ = {isa = PBXFileReference; lastKnownFileType = text.plist.strings; name = en; path = en.lproj/InfoPlist.strings; sourceTree = "<group>"; };
		CD2C40E4181E6FD70071340B /* main.m */ = {isa = PBXFileReference; lastKnownFileType = sourcecode.c.objc; path = main.m; sourceTree = "<group>"; };
		CD2C40E6181E6FD70071340B /* PlayBall-Prefix.pch */ = {isa = PBXFileReference; lastKnownFileType = sourcecode.c.h; path = "PlayBall-Prefix.pch"; sourceTree = "<group>"; };
		CD2C40E7181E6FD70071340B /* AppDelegate.h */ = {isa = PBXFileReference; lastKnownFileType = sourcecode.c.h; path = AppDelegate.h; sourceTree = "<group>"; };
		CD2C40E8181E6FD70071340B /* AppDelegate.m */ = {isa = PBXFileReference; lastKnownFileType = sourcecode.c.objc; path = AppDelegate.m; sourceTree = "<group>"; };
		CD2C40EB181E6FD70071340B /* Base */ = {isa = PBXFileReference; lastKnownFileType = file.storyboard; name = Base; path = Base.lproj/Main.storyboard; sourceTree = "<group>"; };
		CD2C40ED181E6FD70071340B /* ViewController.h */ = {isa = PBXFileReference; lastKnownFileType = sourcecode.c.h; path = ViewController.h; sourceTree = "<group>"; };
		CD2C40EE181E6FD70071340B /* ViewController.m */ = {isa = PBXFileReference; lastKnownFileType = sourcecode.c.objc; path = ViewController.m; sourceTree = "<group>"; };
		CD2C40F0181E6FD70071340B /* Images.xcassets */ = {isa = PBXFileReference; lastKnownFileType = folder.assetcatalog; path = Images.xcassets; sourceTree = "<group>"; };
		CD2C40F6181E6FD70071340B /* PlayBallTests.xctest */ = {isa = PBXFileReference; explicitFileType = wrapper.cfbundle; includeInIndex = 0; path = PlayBallTests.xctest; sourceTree = BUILT_PRODUCTS_DIR; };
		CD2C40F7181E6FD70071340B /* XCTest.framework */ = {isa = PBXFileReference; lastKnownFileType = wrapper.framework; name = XCTest.framework; path = Library/Frameworks/XCTest.framework; sourceTree = DEVELOPER_DIR; };
		CD2C40FF181E6FD70071340B /* PlayBallTests-Info.plist */ = {isa = PBXFileReference; lastKnownFileType = text.plist.xml; path = "PlayBallTests-Info.plist"; sourceTree = "<group>"; };
		CD2C4101181E6FD70071340B /* en */ = {isa = PBXFileReference; lastKnownFileType = text.plist.strings; name = en; path = en.lproj/InfoPlist.strings; sourceTree = "<group>"; };
		CD2C4103181E6FD70071340B /* PlayBallTests.m */ = {isa = PBXFileReference; lastKnownFileType = sourcecode.c.objc; path = PlayBallTests.m; sourceTree = "<group>"; };
		CD2C410D181F97610071340B /* QuartzCore.framework */ = {isa = PBXFileReference; lastKnownFileType = wrapper.framework; name = QuartzCore.framework; path = System/Library/Frameworks/QuartzCore.framework; sourceTree = SDKROOT; };
		CD2C410F181F987E0071340B /* AudioUtility.h */ = {isa = PBXFileReference; fileEncoding = 4; lastKnownFileType = sourcecode.c.h; path = AudioUtility.h; sourceTree = "<group>"; };
		CD2C4110181F987E0071340B /* AudioUtility.m */ = {isa = PBXFileReference; fileEncoding = 4; lastKnownFileType = sourcecode.c.objc; path = AudioUtility.m; sourceTree = "<group>"; };
		CD2C4112181F98B30071340B /* add.wav */ = {isa = PBXFileReference; lastKnownFileType = audio.wav; path = add.wav; sourceTree = "<group>"; };
		CD2C4114181F98D50071340B /* up.caf */ = {isa = PBXFileReference; lastKnownFileType = file; path = up.caf; sourceTree = "<group>"; };
		CD2C4115181F9E560071340B /* count.wav */ = {isa = PBXFileReference; lastKnownFileType = audio.wav; path = count.wav; sourceTree = "<group>"; };
/* End PBXFileReference section */

/* Begin PBXFrameworksBuildPhase section */
		CD2C40D2181E6FD70071340B /* Frameworks */ = {
			isa = PBXFrameworksBuildPhase;
			buildActionMask = 2147483647;
			files = (
				CD2C410E181F97610071340B /* QuartzCore.framework in Frameworks */,
				CD2C40DB181E6FD70071340B /* CoreGraphics.framework in Frameworks */,
				CD2C40DD181E6FD70071340B /* UIKit.framework in Frameworks */,
				CD2C40D9181E6FD70071340B /* Foundation.framework in Frameworks */,
			);
			runOnlyForDeploymentPostprocessing = 0;
		};
		CD2C40F3181E6FD70071340B /* Frameworks */ = {
			isa = PBXFrameworksBuildPhase;
			buildActionMask = 2147483647;
			files = (
				CD2C40F8181E6FD70071340B /* XCTest.framework in Frameworks */,
				CD2C40FA181E6FD70071340B /* UIKit.framework in Frameworks */,
				CD2C40F9181E6FD70071340B /* Foundation.framework in Frameworks */,
			);
			runOnlyForDeploymentPostprocessing = 0;
		};
/* End PBXFrameworksBuildPhase section */

/* Begin PBXGroup section */
		CD2C40CC181E6FD70071340B = {
			isa = PBXGroup;
			children = (
				CD2C40DE181E6FD70071340B /* PlayBall */,
				CD2C40FD181E6FD70071340B /* PlayBallTests */,
				CD2C40D7181E6FD70071340B /* Frameworks */,
				CD2C40D6181E6FD70071340B /* Products */,
			);
			sourceTree = "<group>";
		};
		CD2C40D6181E6FD70071340B /* Products */ = {
			isa = PBXGroup;
			children = (
				CD2C40D5181E6FD70071340B /* PlayBall.app */,
				CD2C40F6181E6FD70071340B /* PlayBallTests.xctest */,
			);
			name = Products;
			sourceTree = "<group>";
		};
		CD2C40D7181E6FD70071340B /* Frameworks */ = {
			isa = PBXGroup;
			children = (
				CD2C410D181F97610071340B /* QuartzCore.framework */,
				CD2C40D8181E6FD70071340B /* Foundation.framework */,
				CD2C40DA181E6FD70071340B /* CoreGraphics.framework */,
				CD2C40DC181E6FD70071340B /* UIKit.framework */,
				CD2C40F7181E6FD70071340B /* XCTest.framework */,
			);
			name = Frameworks;
			sourceTree = "<group>";
		};
		CD2C40DE181E6FD70071340B /* PlayBall */ = {
			isa = PBXGroup;
			children = (
				CD2C410F181F987E0071340B /* AudioUtility.h */,
				CD2C4110181F987E0071340B /* AudioUtility.m */,
				CD2C40E7181E6FD70071340B /* AppDelegate.h */,
				CD2C40E8181E6FD70071340B /* AppDelegate.m */,
				CD2C40EA181E6FD70071340B /* Main.storyboard */,
				CD2C40ED181E6FD70071340B /* ViewController.h */,
				CD2C40EE181E6FD70071340B /* ViewController.m */,
				CD2C40F0181E6FD70071340B /* Images.xcassets */,
				CD2C4112181F98B30071340B /* add.wav */,
				CD2C4114181F98D50071340B /* up.caf */,
				CD2C4115181F9E560071340B /* count.wav */,
				CD2C40DF181E6FD70071340B /* Supporting Files */,
			);
			path = PlayBall;
			sourceTree = "<group>";
		};
		CD2C40DF181E6FD70071340B /* Supporting Files */ = {
			isa = PBXGroup;
			children = (
				CD2C40E0181E6FD70071340B /* PlayBall-Info.plist */,
				CD2C40E1181E6FD70071340B /* InfoPlist.strings */,
				CD2C40E4181E6FD70071340B /* main.m */,
				CD2C40E6181E6FD70071340B /* PlayBall-Prefix.pch */,
			);
			name = "Supporting Files";
			sourceTree = "<group>";
		};
		CD2C40FD181E6FD70071340B /* PlayBallTests */ = {
			isa = PBXGroup;
			children = (
				CD2C4103181E6FD70071340B /* PlayBallTests.m */,
				CD2C40FE181E6FD70071340B /* Supporting Files */,
			);
			path = PlayBallTests;
			sourceTree = "<group>";
		};
		CD2C40FE181E6FD70071340B /* Supporting Files */ = {
			isa = PBXGroup;
			children = (
				CD2C40FF181E6FD70071340B /* PlayBallTests-Info.plist */,
				CD2C4100181E6FD70071340B /* InfoPlist.strings */,
			);
			name = "Supporting Files";
			sourceTree = "<group>";
		};
/* End PBXGroup section */

/* Begin PBXNativeTarget section */
		CD2C40D4181E6FD70071340B /* PlayBall */ = {
			isa = PBXNativeTarget;
			buildConfigurationList = CD2C4107181E6FD70071340B /* Build configuration list for PBXNativeTarget "PlayBall" */;
			buildPhases = (
				CD2C40D1181E6FD70071340B /* Sources */,
				CD2C40D2181E6FD70071340B /* Frameworks */,
				CD2C40D3181E6FD70071340B /* Resources */,
			);
			buildRules = (
			);
			dependencies = (
			);
			name = PlayBall;
			productName = PlayBall;
			productReference = CD2C40D5181E6FD70071340B /* PlayBall.app */;
			productType = "com.apple.product-type.application";
		};
		CD2C40F5181E6FD70071340B /* PlayBallTests */ = {
			isa = PBXNativeTarget;
			buildConfigurationList = CD2C410A181E6FD70071340B /* Build configuration list for PBXNativeTarget "PlayBallTests" */;
			buildPhases = (
				CD2C40F2181E6FD70071340B /* Sources */,
				CD2C40F3181E6FD70071340B /* Frameworks */,
				CD2C40F4181E6FD70071340B /* Resources */,
			);
			buildRules = (
			);
			dependencies = (
				CD2C40FC181E6FD70071340B /* PBXTargetDependency */,
			);
			name = PlayBallTests;
			productName = PlayBallTests;
			productReference = CD2C40F6181E6FD70071340B /* PlayBallTests.xctest */;
			productType = "com.apple.product-type.bundle.unit-test";
		};
/* End PBXNativeTarget section */

/* Begin PBXProject section */
		CD2C40CD181E6FD70071340B /* Project object */ = {
			isa = PBXProject;
			attributes = {
				LastUpgradeCheck = 0500;
				ORGANIZATIONNAME = "Forrest Shi";
				TargetAttributes = {
					CD2C40F5181E6FD70071340B = {
						TestTargetID = CD2C40D4181E6FD70071340B;
					};
				};
			};
			buildConfigurationList = CD2C40D0181E6FD70071340B /* Build configuration list for PBXProject "PlayBall" */;
			compatibilityVersion = "Xcode 3.2";
			developmentRegion = English;
			hasScannedForEncodings = 0;
			knownRegions = (
				en,
				Base,
			);
			mainGroup = CD2C40CC181E6FD70071340B;
			productRefGroup = CD2C40D6181E6FD70071340B /* Products */;
			projectDirPath = "";
			projectRoot = "";
			targets = (
				CD2C40D4181E6FD70071340B /* PlayBall */,
				CD2C40F5181E6FD70071340B /* PlayBallTests */,
			);
		};
/* End PBXProject section */

/* Begin PBXResourcesBuildPhase section */
		CD2C40D3181E6FD70071340B /* Resources */ = {
			isa = PBXResourcesBuildPhase;
			buildActionMask = 2147483647;
			files = (
				CD2C4113181F98B30071340B /* add.wav in Resources */,
				CD2C40F1181E6FD70071340B /* Images.xcassets in Resources */,
				CD2C40E3181E6FD70071340B /* InfoPlist.strings in Resources */,
				CD2C40EC181E6FD70071340B /* Main.storyboard in Resources */,
				CD2C4116181F9E560071340B /* count.wav in Resources */,
			);
			runOnlyForDeploymentPostprocessing = 0;
		};
		CD2C40F4181E6FD70071340B /* Resources */ = {
			isa = PBXResourcesBuildPhase;
			buildActionMask = 2147483647;
			files = (
				CD2C4102181E6FD70071340B /* InfoPlist.strings in Resources */,
			);
			runOnlyForDeploymentPostprocessing = 0;
		};
/* End PBXResourcesBuildPhase section */

/* Begin PBXSourcesBuildPhase section */
		CD2C40D1181E6FD70071340B /* Sources */ = {
			isa = PBXSourcesBuildPhase;
			buildActionMask = 2147483647;
			files = (
				CD2C40EF181E6FD70071340B /* ViewController.m in Sources */,
				CD2C40E9181E6FD70071340B /* AppDelegate.m in Sources */,
				CD2C40E5181E6FD70071340B /* main.m in Sources */,
				CD2C4111181F987E0071340B /* AudioUtility.m in Sources */,
			);
			runOnlyForDeploymentPostprocessing = 0;
		};
		CD2C40F2181E6FD70071340B /* Sources */ = {
			isa = PBXSourcesBuildPhase;
			buildActionMask = 2147483647;
			files = (
				CD2C4104181E6FD70071340B /* PlayBallTests.m in Sources */,
			);
			runOnlyForDeploymentPostprocessing = 0;
		};
/* End PBXSourcesBuildPhase section */

/* Begin PBXTargetDependency section */
		CD2C40FC181E6FD70071340B /* PBXTargetDependency */ = {
			isa = PBXTargetDependency;
			target = CD2C40D4181E6FD70071340B /* PlayBall */;
			targetProxy = CD2C40FB181E6FD70071340B /* PBXContainerItemProxy */;
		};
/* End PBXTargetDependency section */

/* Begin PBXVariantGroup section */
		CD2C40E1181E6FD70071340B /* InfoPlist.strings */ = {
			isa = PBXVariantGroup;
			children = (
				CD2C40E2181E6FD70071340B /* en */,
			);
			name = InfoPlist.strings;
			sourceTree = "<group>";
		};
		CD2C40EA181E6FD70071340B /* Main.storyboard */ = {
			isa = PBXVariantGroup;
			children = (
				CD2C40EB181E6FD70071340B /* Base */,
			);
			name = Main.storyboard;
			sourceTree = "<group>";
		};
		CD2C4100181E6FD70071340B /* InfoPlist.strings */ = {
			isa = PBXVariantGroup;
			children = (
				CD2C4101181E6FD70071340B /* en */,
			);
			name = InfoPlist.strings;
			sourceTree = "<group>";
		};
/* End PBXVariantGroup section */

/* Begin XCBuildConfiguration section */
		CD2C4105181E6FD70071340B /* Debug */ = {
			isa = XCBuildConfiguration;
			buildSettings = {
				ALWAYS_SEARCH_USER_PATHS = NO;
				ARCHS = "$(ARCHS_STANDARD_INCLUDING_64_BIT)";
				CLANG_CXX_LANGUAGE_STANDARD = "gnu++0x";
				CLANG_CXX_LIBRARY = "libc++";
				CLANG_ENABLE_MODULES = YES;
				CLANG_ENABLE_OBJC_ARC = YES;
				CLANG_WARN_BOOL_CONVERSION = YES;
				CLANG_WARN_CONSTANT_CONVERSION = YES;
				CLANG_WARN_DIRECT_OBJC_ISA_USAGE = YES_ERROR;
				CLANG_WARN_EMPTY_BODY = YES;
				CLANG_WARN_ENUM_CONVERSION = YES;
				CLANG_WARN_INT_CONVERSION = YES;
				CLANG_WARN_OBJC_ROOT_CLASS = YES_ERROR;
				CLANG_WARN__DUPLICATE_METHOD_MATCH = YES;
				"CODE_SIGN_IDENTITY[sdk=iphoneos*]" = "iPhone Developer";
				COPY_PHASE_STRIP = NO;
				GCC_C_LANGUAGE_STANDARD = gnu99;
				GCC_DYNAMIC_NO_PIC = NO;
				GCC_OPTIMIZATION_LEVEL = 0;
				GCC_PREPROCESSOR_DEFINITIONS = (
					"DEBUG=1",
					"$(inherited)",
				);
				GCC_SYMBOLS_PRIVATE_EXTERN = NO;
				GCC_WARN_64_TO_32_BIT_CONVERSION = YES;
				GCC_WARN_ABOUT_RETURN_TYPE = YES_ERROR;
				GCC_WARN_UNDECLARED_SELECTOR = YES;
				GCC_WARN_UNINITIALIZED_AUTOS = YES;
				GCC_WARN_UNUSED_FUNCTION = YES;
				GCC_WARN_UNUSED_VARIABLE = YES;
				IPHONEOS_DEPLOYMENT_TARGET = 7.0;
				ONLY_ACTIVE_ARCH = YES;
				SDKROOT = iphoneos;
			};
			name = Debug;
		};
		CD2C4106181E6FD70071340B /* Release */ = {
			isa = XCBuildConfiguration;
			buildSettings = {
				ALWAYS_SEARCH_USER_PATHS = NO;
				ARCHS = "$(ARCHS_STANDARD_INCLUDING_64_BIT)";
				CLANG_CXX_LANGUAGE_STANDARD = "gnu++0x";
				CLANG_CXX_LIBRARY = "libc++";
				CLANG_ENABLE_MODULES = YES;
				CLANG_ENABLE_OBJC_ARC = YES;
				CLANG_WARN_BOOL_CONVERSION = YES;
				CLANG_WARN_CONSTANT_CONVERSION = YES;
				CLANG_WARN_DIRECT_OBJC_ISA_USAGE = YES_ERROR;
				CLANG_WARN_EMPTY_BODY = YES;
				CLANG_WARN_ENUM_CONVERSION = YES;
				CLANG_WARN_INT_CONVERSION = YES;
				CLANG_WARN_OBJC_ROOT_CLASS = YES_ERROR;
				CLANG_WARN__DUPLICATE_METHOD_MATCH = YES;
				"CODE_SIGN_IDENTITY[sdk=iphoneos*]" = "iPhone Developer";
				COPY_PHASE_STRIP = YES;
				ENABLE_NS_ASSERTIONS = NO;
				GCC_C_LANGUAGE_STANDARD = gnu99;
				GCC_WARN_64_TO_32_BIT_CONVERSION = YES;
				GCC_WARN_ABOUT_RETURN_TYPE = YES_ERROR;
				GCC_WARN_UNDECLARED_SELECTOR = YES;
				GCC_WARN_UNINITIALIZED_AUTOS = YES;
				GCC_WARN_UNUSED_FUNCTION = YES;
				GCC_WARN_UNUSED_VARIABLE = YES;
				IPHONEOS_DEPLOYMENT_TARGET = 7.0;
				SDKROOT = iphoneos;
				VALIDATE_PRODUCT = YES;
			};
			name = Release;
		};
		CD2C4108181E6FD70071340B /* Debug */ = {
			isa = XCBuildConfiguration;
			buildSettings = {
				ASSETCATALOG_COMPILER_APPICON_NAME = AppIcon;
				ASSETCATALOG_COMPILER_LAUNCHIMAGE_NAME = LaunchImage;
				GCC_PRECOMPILE_PREFIX_HEADER = YES;
				GCC_PREFIX_HEADER = "PlayBall/PlayBall-Prefix.pch";
				INFOPLIST_FILE = "PlayBall/PlayBall-Info.plist";
				PRODUCT_NAME = "$(TARGET_NAME)";
				WRAPPER_EXTENSION = app;
			};
			name = Debug;
		};
		CD2C4109181E6FD70071340B /* Release */ = {
			isa = XCBuildConfiguration;
			buildSettings = {
				ASSETCATALOG_COMPILER_APPICON_NAME = AppIcon;
				ASSETCATALOG_COMPILER_LAUNCHIMAGE_NAME = LaunchImage;
				GCC_PRECOMPILE_PREFIX_HEADER = YES;
				GCC_PREFIX_HEADER = "PlayBall/PlayBall-Prefix.pch";
				INFOPLIST_FILE = "PlayBall/PlayBall-Info.plist";
				PRODUCT_NAME = "$(TARGET_NAME)";
				WRAPPER_EXTENSION = app;
			};
			name = Release;
		};
		CD2C410B181E6FD70071340B /* Debug */ = {
			isa = XCBuildConfiguration;
			buildSettings = {
				ARCHS = "$(ARCHS_STANDARD_INCLUDING_64_BIT)";
				BUNDLE_LOADER = "$(BUILT_PRODUCTS_DIR)/PlayBall.app/PlayBall";
				FRAMEWORK_SEARCH_PATHS = (
					"$(SDKROOT)/Developer/Library/Frameworks",
					"$(inherited)",
					"$(DEVELOPER_FRAMEWORKS_DIR)",
				);
				GCC_PRECOMPILE_PREFIX_HEADER = YES;
				GCC_PREFIX_HEADER = "PlayBall/PlayBall-Prefix.pch";
				GCC_PREPROCESSOR_DEFINITIONS = (
					"DEBUG=1",
					"$(inherited)",
				);
				INFOPLIST_FILE = "PlayBallTests/PlayBallTests-Info.plist";
				PRODUCT_NAME = "$(TARGET_NAME)";
				TEST_HOST = "$(BUNDLE_LOADER)";
				WRAPPER_EXTENSION = xctest;
			};
			name = Debug;
		};
		CD2C410C181E6FD70071340B /* Release */ = {
			isa = XCBuildConfiguration;
			buildSettings = {
				ARCHS = "$(ARCHS_STANDARD_INCLUDING_64_BIT)";
				BUNDLE_LOADER = "$(BUILT_PRODUCTS_DIR)/PlayBall.app/PlayBall";
				FRAMEWORK_SEARCH_PATHS = (
					"$(SDKROOT)/Developer/Library/Frameworks",
					"$(inherited)",
					"$(DEVELOPER_FRAMEWORKS_DIR)",
				);
				GCC_PRECOMPILE_PREFIX_HEADER = YES;
				GCC_PREFIX_HEADER = "PlayBall/PlayBall-Prefix.pch";
				INFOPLIST_FILE = "PlayBallTests/PlayBallTests-Info.plist";
				PRODUCT_NAME = "$(TARGET_NAME)";
				TEST_HOST = "$(BUNDLE_LOADER)";
				WRAPPER_EXTENSION = xctest;
			};
			name = Release;
		};
/* End XCBuildConfiguration section */

/* Begin XCConfigurationList section */
		CD2C40D0181E6FD70071340B /* Build configuration list for PBXProject "PlayBall" */ = {
			isa = XCConfigurationList;
			buildConfigurations = (
				CD2C4105181E6FD70071340B /* Debug */,
				CD2C4106181E6FD70071340B /* Release */,
			);
			defaultConfigurationIsVisible = 0;
			defaultConfigurationName = Release;
		};
		CD2C4107181E6FD70071340B /* Build configuration list for PBXNativeTarget "PlayBall" */ = {
			isa = XCConfigurationList;
			buildConfigurations = (
				CD2C4108181E6FD70071340B /* Debug */,
				CD2C4109181E6FD70071340B /* Release */,
			);
			defaultConfigurationIsVisible = 0;
			defaultConfigurationName = Release;
		};
		CD2C410A181E6FD70071340B /* Build configuration list for PBXNativeTarget "PlayBallTests" */ = {
			isa = XCConfigurationList;
			buildConfigurations = (
				CD2C410B181E6FD70071340B /* Debug */,
				CD2C410C181E6FD70071340B /* Release */,
			);
			defaultConfigurationIsVisible = 0;
			defaultConfigurationName = Release;
		};
/* End XCConfigurationList section */
	};
	rootObject = CD2C40CD181E6FD70071340B /* Project object */;
}
